
Microsoft Visual Studio Solution File, Format Version 12.00
Project("{FAE04EC0-301F-11D3-BF4B-00C04F79EFBC}") = "Test", "Test\Test.csproj", "{427CBDEE-30A3-4357-A67E-D0F0F8C99531}"
EndProject
Global
	GlobalSection(SolutionConfigurationPlatforms) = preSolution
		Debug|Any CPU = Debug|Any CPU
		Release|Any CPU = Release|Any CPU
	EndGlobalSection
	GlobalSection(ProjectConfigurationPlatforms) = postSolution
		{427CBDEE-30A3-4357-A67E-D0F0F8C99531}.Debug|Any CPU.ActiveCfg = Debug|Any CPU
		{427CBDEE-30A3-4357-A67E-D0F0F8C99531}.Debug|Any CPU.Build.0 = Debug|Any CPU
		{427CBDEE-30A3-4357-A67E-D0F0F8C99531}.Release|Any CPU.ActiveCfg = Release|Any CPU
		{427CBDEE-30A3-4357-A67E-D0F0F8C99531}.Release|Any CPU.Build.0 = Release|Any CPU
	EndGlobalSection
EndGlobal
